
Microsoft Visual Studio Solution File, Format Version 12.00
# Visual Studio Version 17
VisualStudioVersion = 17.1.32421.90
MinimumVisualStudioVersion = 10.0.40219.1
Project("{FAE04EC0-301F-11D3-BF4B-00C04F79EFBC}") = "MazeRunnerr", "MazeRunnerr\MazeRunnerr.csproj", "{7F723294-8B7A-497B-B9C1-44915DBA1B34}"
EndProject
Global
	GlobalSection(SolutionConfigurationPlatforms) = preSolution
		Debug|Any CPU = Debug|Any CPU
		Release|Any CPU = Release|Any CPU
	EndGlobalSection
	GlobalSection(ProjectConfigurationPlatforms) = postSolution
		{7F723294-8B7A-497B-B9C1-44915DBA1B34}.Debug|Any CPU.ActiveCfg = Debug|Any CPU
		{7F723294-8B7A-497B-B9C1-44915DBA1B34}.Debug|Any CPU.Build.0 = Debug|Any CPU
		{7F723294-8B7A-497B-B9C1-44915DBA1B34}.Release|Any CPU.ActiveCfg = Release|Any CPU
		{7F723294-8B7A-497B-B9C1-44915DBA1B34}.Release|Any CPU.Build.0 = Release|Any CPU
	EndGlobalSection
	GlobalSection(SolutionProperties) = preSolution
		HideSolutionNode = FALSE
	EndGlobalSection
	GlobalSection(ExtensibilityGlobals) = postSolution
		SolutionGuid = {B0624B17-694B-459E-8DD6-AA02082BE012}
	EndGlobalSection
EndGlobal
